PODS:
  - BRYXBanner (0.5.2):
    - BRYXBanner/Core (= 0.5.2)
  - BRYXBanner/Core (0.5.2)
  - CalendarView (1.1.1):
    - SwiftMoment (~> 0.1)
  - GooglePlacesAutocomplete (0.3.0)
  - IQKeyboardManagerSwift (3.3.6)
  - MZAppearance (1.1.6)
  - MZFormSheetPresentationController (2.2.1):
    - MZAppearance
  - PhoneNumberKit (0.3)
  - RSBarcodes_Swift (0.1.5)
  - SimpleAlert (1.3.1)
  - SwiftGifOrigin (1.5.2)
  - SwiftMoment (0.4)

DEPENDENCIES:
  - BRYXBanner
  - CalendarView
  - GooglePlacesAutocomplete (from `https://github.com/watsonbox/ios_google_places_autocomplete`)
  - IQKeyboardManagerSwift
  - MZFormSheetPresentationController
  - PhoneNumberKit (~> 0.1)
  - RSBarcodes_Swift (~> 0.1.4)
  - SimpleAlert
  - SwiftGifOrigin

EXTERNAL SOURCES:
  GooglePlacesAutocomplete:
    :git: https://github.com/watsonbox/ios_google_places_autocomplete

CHECKOUT OPTIONS:
  GooglePlacesAutocomplete:
    :commit: 3b24a37eca923c5d92253122f26a2cd41f10ec5a
    :git: https://github.com/watsonbox/ios_google_places_autocomplete

SPEC CHECKSUMS:
  BRYXBanner: 5f0911d52e0a77e088f7ea7ddcdebd02afb7828a
  CalendarView: 5eae22e02cbed4e0282677885a72d97dfd34b7a5
  GooglePlacesAutocomplete: 7694636fce561c9d8ac807b8e490d299a730a633
  IQKeyboardManagerSwift: 111f01f029d9cda0647a2156d3b6efc24ad1e7f1
  MZAppearance: 0c06d3fa9cc55142f1da14bc8631fbe8fd6e19d5
  MZFormSheetPresentationController: 97b4ea7a52a8bd451ac93c1a1c6b5095e2326d1c
  PhoneNumberKit: 4511ddbd8d3286ed0d5f610753ba28e7d69eecbe
  RSBarcodes_Swift: bad1ce459c5ac0b314d6e4f3524cc07d53f3a188
  SimpleAlert: 05215ee656e1da1428998e76a76bb153a16c7a21
  SwiftGifOrigin: a7671a6a68a2769e118c7da5bcc7c480798907b5
  SwiftMoment: e751c44be03a183fa6c949426d9473d26a66ef29

COCOAPODS: 0.39.0
