PODS:
  - BRYXBanner (0.5.2):
    - BRYXBanner/Core (= 0.5.2)
  - BRYXBanner/Core (0.5.2)
  - CalendarView (1.1.2):
    - SwiftMoment (~> 0.1)
  - DropDown (0.1.5)
  - FXImageView (1.3.5)
  - GooglePlacesAutocomplete (0.3.0)
  - iCarousel (1.8.2)
  - IQKeyboardManagerSwift (4.0.0)
  - MIBadgeButton-Swift (0.3)
  - MobihelpSDK (1.6.5)
  - MZAppearance (1.1.6)
  - MZFormSheetPresentationController (2.3.1):
    - MZAppearance
  - PhoneNumberKit (0.6.4)
  - RSBarcodes_Swift (0.1.7)
  - SimpleAlert (1.3.1)
  - SVProgressHUD (2.0)
  - SwiftGifOrigin (1.5.3)
  - SwiftMoment (0.4)
  - SwiftSpinner (0.8.0)
  - UIView+HierarchicalDrawing (0.1.0)

DEPENDENCIES:
  - BRYXBanner
  - CalendarView
  - DropDown
  - FXImageView
  - GooglePlacesAutocomplete (from `https://github.com/watsonbox/ios_google_places_autocomplete`)
  - iCarousel
  - IQKeyboardManagerSwift
  - MIBadgeButton-Swift
  - MobihelpSDK
  - MZFormSheetPresentationController
  - PhoneNumberKit (~> 0.1)
  - RSBarcodes_Swift (~> 0.1.4)
  - SimpleAlert
  - SVProgressHUD
  - SwiftGifOrigin
  - SwiftSpinner
  - UIView+HierarchicalDrawing

EXTERNAL SOURCES:
  GooglePlacesAutocomplete:
    :git: https://github.com/watsonbox/ios_google_places_autocomplete

CHECKOUT OPTIONS:
  GooglePlacesAutocomplete:
    :commit: 3b24a37eca923c5d92253122f26a2cd41f10ec5a
    :git: https://github.com/watsonbox/ios_google_places_autocomplete

SPEC CHECKSUMS:
  BRYXBanner: 5f0911d52e0a77e088f7ea7ddcdebd02afb7828a
  CalendarView: 35d51b70586213604edec22a585d105273f6e191
  DropDown: addffd49f2a014e079ed854adcb3c5473c1ebdf2
  FXImageView: 7d84722b37f0afea9a64f12fdd4a6c7f9ecc4b16
  GooglePlacesAutocomplete: 7694636fce561c9d8ac807b8e490d299a730a633
  iCarousel: 67c8a43da5a46795b56aadfc96cd36a16f6149b2
  IQKeyboardManagerSwift: ede2a27b4e1ce053d03073b9c7fa439322f5e405
  MIBadgeButton-Swift: 3a8ce410e99ca307036040873c6836f0735c0139
  MobihelpSDK: b0311fff3101e6767dfb37c6b2c8c939c3420ed3
  MZAppearance: 0c06d3fa9cc55142f1da14bc8631fbe8fd6e19d5
  MZFormSheetPresentationController: dfd18be49f544cba116f294a23d8502d243cf910
  PhoneNumberKit: 1d566d33c9840ed873bbfb0c54b171a5b1268ea4
  RSBarcodes_Swift: fc6dcd2af12ecb6788cc7374817db3153d22013c
  SimpleAlert: 05215ee656e1da1428998e76a76bb153a16c7a21
  SVProgressHUD: e9e7c893686a20da55a28015ed384d9425e15479
  SwiftGifOrigin: 893ebcceabe215a00b607328b5322b4e228347e5
  SwiftMoment: e751c44be03a183fa6c949426d9473d26a66ef29
  SwiftSpinner: 11c2c5ec7443d92f3026d3067ca8a91d4adef13f
  UIView+HierarchicalDrawing: 9cb086a2c0cde4fa8a3d17c58227abdd92e29ece

COCOAPODS: 0.39.0
