PODS:
  - Alamofire (4.0.1)
  - Bolts-Swift (1.3.0)
  - Bolts/Tasks (1.8.4)
  - BRYXBanner (0.7.1)
  - CalendarView (1.1.1):
    - SwiftMoment (~> 0.6)
  - Crashlytics (3.8.4):
    - Fabric (~> 1.6.3)
  - DropDown (2)
  - Fabric (1.6.11)
  - GooglePlacesAutocomplete (0.3.0)
  - iCarousel (1.8.3)
  - IQKeyboardManagerSwift (4.0.7)
  - MGSwipeTableCell (1.5.6)
  - MIBadgeButton-Swift (0.4)
  - MKRingProgressView (1.1)
  - MZAppearance (1.1.6)
  - MZFormSheetPresentationController (2.4.2):
    - MZAppearance
  - NVActivityIndicatorView (3.0)
  - Parse (1.14.2):
    - Bolts/Tasks (~> 1.8)
  - ParseLiveQuery (1.1.0):
    - Bolts-Swift (~> 1.3)
    - Parse (~> 1.14.2)
    - SocketRocket (~> 0.5)
  - PDFGenerator (2.0.1)
  - PhoneNumberKit (1.0.1):
    - PhoneNumberKit/PhoneNumberKitCore (= 1.0.1)
    - PhoneNumberKit/UIKit (= 1.0.1)
  - PhoneNumberKit/PhoneNumberKitCore (1.0.1)
  - PhoneNumberKit/UIKit (1.0.1):
    - PhoneNumberKit/PhoneNumberKitCore
  - RSBarcodes_Swift (3.0.1)
  - SocketRocket (0.5.1)
  - Spring (1.0.3)
  - SwiftMoment (0.7)
  - SwiftSpinner (1.0.2)
  - UIView+HierarchicalDrawing (0.1.0)

DEPENDENCIES:
  - Alamofire
  - BRYXBanner
  - CalendarView (from `https://github.com/mikeandike/CalendarView.git`)
  - Crashlytics
  - DropDown
  - Fabric
  - GooglePlacesAutocomplete
  - iCarousel
  - IQKeyboardManagerSwift
  - MGSwipeTableCell
  - MIBadgeButton-Swift
  - MKRingProgressView
  - MZFormSheetPresentationController
  - NVActivityIndicatorView
  - Parse
  - ParseLiveQuery
  - PDFGenerator
  - PhoneNumberKit
  - RSBarcodes_Swift
  - Spring (from `https://github.com/MengTo/Spring.git`, branch `swift3`)
  - SwiftMoment
  - SwiftSpinner
  - UIView+HierarchicalDrawing

EXTERNAL SOURCES:
  CalendarView:
    :git: https://github.com/mikeandike/CalendarView.git
  Spring:
    :branch: swift3
    :git: https://github.com/MengTo/Spring.git

CHECKOUT OPTIONS:
  CalendarView:
    :commit: bfe418eb5bede90e7c4ca774c4bcee1708f869f7
    :git: https://github.com/mikeandike/CalendarView.git
  Spring:
    :commit: 3a9227c6e9157e7b47f5ac1ee5abab2a56b50002
    :git: https://github.com/MengTo/Spring.git

SPEC CHECKSUMS:
  Alamofire: 7682d43245de14874acd142ec137b144aa1dd335
  Bolts: 8a7995239dbe724f9cba2248b766d48b7ebdd322
  Bolts-Swift: fa98d1b59fc1acea9b21a21306dcdca1c85e3737
  BRYXBanner: 34eabf9c6c009f187948ca78a4f3bba3767d0f04
  CalendarView: 5db3b54c3226f5a6a50aced4557ae05f8f01aa71
  Crashlytics: 79e236942ca1e7fc641df1feb9a275360a78ab6a
  DropDown: 744784d9c9aa505100e942c16acd05430cbb2f0a
  Fabric: 5911403591946b8228ab1c51d98f1d7137e863c6
  GooglePlacesAutocomplete: 7694636fce561c9d8ac807b8e490d299a730a633
  iCarousel: d782f635afac190c49bb8ee455882284cff8b85f
  IQKeyboardManagerSwift: 58bbcf46b5cf9fd4ed625d28a60cb2fbae4ab0f4
  MGSwipeTableCell: 616700eb0ffd1c611ba909066cb7fd739790a0a7
  MIBadgeButton-Swift: b5d07924904c84bcb8e8fe3c3131b8499f28930c
  MKRingProgressView: 0873f9cb2f1e668559aedf534c17b413891b9f8d
  MZAppearance: 0c06d3fa9cc55142f1da14bc8631fbe8fd6e19d5
  MZFormSheetPresentationController: c1dc3bce639d2393b3cc416fcb6e050eb5bca062
  NVActivityIndicatorView: 81953b5e65093ba79edf4fe7268e002039ca5268
  Parse: 4335d65f40cb3d43190d723144bbe1afb9c38230
  ParseLiveQuery: 4c0f3f571ba0f358a4e592cd7d4b55c95ab9655e
  PDFGenerator: 69cf0787767d501a10b6b85492b1f27fd23b00e8
  PhoneNumberKit: 0b5ea9a5454d201656db766343e9d768f8542496
  RSBarcodes_Swift: c773a985f0ff3e2592d5458dd7494a71825aa733
  SocketRocket: d57c7159b83c3c6655745cd15302aa24b6bae531
  Spring: 3f02b5dc3308572ef177b3cad0fa7bbc4b0706f7
  SwiftMoment: dc6dd27012e267819104cbb03f74ff9192dd0b42
  SwiftSpinner: 1c80ff6ea1c47e2faa1dfce0fcd5e6b39a47fd51
  UIView+HierarchicalDrawing: 9cb086a2c0cde4fa8a3d17c58227abdd92e29ece

PODFILE CHECKSUM: 85603ef89d1f2b475fa154f808b26170278dc83f

COCOAPODS: 1.2.0.rc.1
